// !$*UTF8*$!
{
	archiveVersion = 1;
	classes = {
	};
	objectVersion = 77;
	objects = {

/* Begin PBXBuildFile section */
		762CADD22CBCEC5800F1557A /* GoogleSignIn in Frameworks */ = {isa = PBXBuildFile; productRef = 762CADD12CBCEC5800F1557A /* GoogleSignIn */; };
		762CADD42CBCEC5800F1557A /* GoogleSignInSwift in Frameworks */ = {isa = PBXBuildFile; productRef = 762CADD32CBCEC5800F1557A /* GoogleSignInSwift */; };
		769B03BA2CF8534600AB2F82 /* GoogleGenerativeAI in Frameworks */ = {isa = PBXBuildFile; productRef = 769B03B92CF8534600AB2F82 /* GoogleGenerativeAI */; };
		76D04AD12CBF052C001F35D1 /* FirebaseFirestore in Frameworks */ = {isa = PBXBuildFile; productRef = 76D04AD02CBF052C001F35D1 /* FirebaseFirestore */; };
		76D04AD32CBF052C001F35D1 /* FirebaseFirestoreCombine-Community in Frameworks */ = {isa = PBXBuildFile; productRef = 76D04AD22CBF052C001F35D1 /* FirebaseFirestoreCombine-Community */; };
		76E65FD92CB55D8200CF1DD9 /* FirebaseAnalytics in Frameworks */ = {isa = PBXBuildFile; productRef = 76E65FD82CB55D8200CF1DD9 /* FirebaseAnalytics */; };
		76E65FDB2CB55D8200CF1DD9 /* FirebaseAnalyticsOnDeviceConversion in Frameworks */ = {isa = PBXBuildFile; productRef = 76E65FDA2CB55D8200CF1DD9 /* FirebaseAnalyticsOnDeviceConversion */; };
		76E65FDD2CB55D8200CF1DD9 /* FirebaseAnalyticsWithoutAdIdSupport in Frameworks */ = {isa = PBXBuildFile; productRef = 76E65FDC2CB55D8200CF1DD9 /* FirebaseAnalyticsWithoutAdIdSupport */; };
		76E65FE02CB5602500CF1DD9 /* FirebaseAuth in Frameworks */ = {isa = PBXBuildFile; productRef = 76E65FDF2CB5602500CF1DD9 /* FirebaseAuth */; };
		76E65FE22CB5602500CF1DD9 /* FirebaseAuthCombine-Community in Frameworks */ = {isa = PBXBuildFile; productRef = 76E65FE12CB5602500CF1DD9 /* FirebaseAuthCombine-Community */; };
/* End PBXBuildFile section */

/* Begin PBXFileReference section */
		76BD80312CB02EC9007B143C /* HobiWay.app */ = {isa = PBXFileReference; explicitFileType = wrapper.application; includeInIndex = 0; path = HobiWay.app; sourceTree = BUILT_PRODUCTS_DIR; };
/* End PBXFileReference section */

/* Begin PBXFileSystemSynchronizedBuildFileExceptionSet section */
		76BD80722CB03195007B143C /* Exceptions for "HobiWay" folder in "HobiWay" target */ = {
			isa = PBXFileSystemSynchronizedBuildFileExceptionSet;
			membershipExceptions = (
				Info.plist,
			);
			target = 76BD80302CB02EC9007B143C /* HobiWay */;
		};
/* End PBXFileSystemSynchronizedBuildFileExceptionSet section */

/* Begin PBXFileSystemSynchronizedRootGroup section */
		76BD80332CB02EC9007B143C /* HobiWay */ = {
			isa = PBXFileSystemSynchronizedRootGroup;
			exceptions = (
				76BD80722CB03195007B143C /* Exceptions for "HobiWay" folder in "HobiWay" target */,
			);
			path = HobiWay;
			sourceTree = "<group>";
		};
/* End PBXFileSystemSynchronizedRootGroup section */

/* Begin PBXFrameworksBuildPhase section */
		76BD802E2CB02EC9007B143C /* Frameworks */ = {
			isa = PBXFrameworksBuildPhase;
			buildActionMask = 2147483647;
			files = (
				76E65FD92CB55D8200CF1DD9 /* FirebaseAnalytics in Frameworks */,
				76E65FDD2CB55D8200CF1DD9 /* FirebaseAnalyticsWithoutAdIdSupport in Frameworks */,
				762CADD42CBCEC5800F1557A /* GoogleSignInSwift in Frameworks */,
				76D04AD32CBF052C001F35D1 /* FirebaseFirestoreCombine-Community in Frameworks */,
				76E65FDB2CB55D8200CF1DD9 /* FirebaseAnalyticsOnDeviceConversion in Frameworks */,
				769B03BA2CF8534600AB2F82 /* GoogleGenerativeAI in Frameworks */,
				76E65FE02CB5602500CF1DD9 /* FirebaseAuth in Frameworks */,
				76D04AD12CBF052C001F35D1 /* FirebaseFirestore in Frameworks */,
				76E65FE22CB5602500CF1DD9 /* FirebaseAuthCombine-Community in Frameworks */,
				762CADD22CBCEC5800F1557A /* GoogleSignIn in Frameworks */,
			);
			runOnlyForDeploymentPostprocessing = 0;
		};
/* End PBXFrameworksBuildPhase section */

/* Begin PBXGroup section */
		76BD80282CB02EC9007B143C = {
			isa = PBXGroup;
			children = (
				76BD80332CB02EC9007B143C /* HobiWay */,
				76E65FDE2CB5602500CF1DD9 /* Frameworks */,
				76BD80322CB02EC9007B143C /* Products */,
			);
			sourceTree = "<group>";
		};
		76BD80322CB02EC9007B143C /* Products */ = {
			isa = PBXGroup;
			children = (
				76BD80312CB02EC9007B143C /* HobiWay.app */,
			);
			name = Products;
			sourceTree = "<group>";
		};
		76E65FDE2CB5602500CF1DD9 /* Frameworks */ = {
			isa = PBXGroup;
			children = (
			);
			name = Frameworks;
			sourceTree = "<group>";
		};
/* End PBXGroup section */

/* Begin PBXNativeTarget section */
		76BD80302CB02EC9007B143C /* HobiWay */ = {
			isa = PBXNativeTarget;
			buildConfigurationList = 76BD803F2CB02ECA007B143C /* Build configuration list for PBXNativeTarget "HobiWay" */;
			buildPhases = (
				76BD802D2CB02EC9007B143C /* Sources */,
				76BD802E2CB02EC9007B143C /* Frameworks */,
				76BD802F2CB02EC9007B143C /* Resources */,
			);
			buildRules = (
			);
			dependencies = (
			);
			fileSystemSynchronizedGroups = (
				76BD80332CB02EC9007B143C /* HobiWay */,
			);
			name = HobiWay;
			packageProductDependencies = (
				76E65FD82CB55D8200CF1DD9 /* FirebaseAnalytics */,
				76E65FDA2CB55D8200CF1DD9 /* FirebaseAnalyticsOnDeviceConversion */,
				76E65FDC2CB55D8200CF1DD9 /* FirebaseAnalyticsWithoutAdIdSupport */,
				76E65FDF2CB5602500CF1DD9 /* FirebaseAuth */,
				76E65FE12CB5602500CF1DD9 /* FirebaseAuthCombine-Community */,
				762CADD12CBCEC5800F1557A /* GoogleSignIn */,
				762CADD32CBCEC5800F1557A /* GoogleSignInSwift */,
				76D04AD02CBF052C001F35D1 /* FirebaseFirestore */,
				76D04AD22CBF052C001F35D1 /* FirebaseFirestoreCombine-Community */,
				769B03B92CF8534600AB2F82 /* GoogleGenerativeAI */,
			);
			productName = HobiWay;
			productReference = 76BD80312CB02EC9007B143C /* HobiWay.app */;
			productType = "com.apple.product-type.application";
		};
/* End PBXNativeTarget section */

/* Begin PBXProject section */
		76BD80292CB02EC9007B143C /* Project object */ = {
			isa = PBXProject;
			attributes = {
				BuildIndependentTargetsInParallel = 1;
				LastSwiftUpdateCheck = 1600;
				LastUpgradeCheck = 1600;
				TargetAttributes = {
					76BD80302CB02EC9007B143C = {
						CreatedOnToolsVersion = 16.0;
					};
				};
			};
			buildConfigurationList = 76BD802C2CB02EC9007B143C /* Build configuration list for PBXProject "HobiWay" */;
			developmentRegion = en;
			hasScannedForEncodings = 0;
			knownRegions = (
				en,
				Base,
				tr,
			);
			mainGroup = 76BD80282CB02EC9007B143C;
			minimizedProjectReferenceProxies = 1;
			packageReferences = (
				76E65FD72CB55D8200CF1DD9 /* XCRemoteSwiftPackageReference "firebase-ios-sdk" */,
				762CADD02CBCEC5800F1557A /* XCRemoteSwiftPackageReference "GoogleSignIn-iOS" */,
				769B03B82CF8534600AB2F82 /* XCRemoteSwiftPackageReference "generative-ai-swift" */,
			);
			preferredProjectObjectVersion = 77;
			productRefGroup = 76BD80322CB02EC9007B143C /* Products */;
			projectDirPath = "";
			projectRoot = "";
			targets = (
				76BD80302CB02EC9007B143C /* HobiWay */,
			);
		};
/* End PBXProject section */

/* Begin PBXResourcesBuildPhase section */
		76BD802F2CB02EC9007B143C /* Resources */ = {
			isa = PBXResourcesBuildPhase;
			buildActionMask = 2147483647;
			files = (
			);
			runOnlyForDeploymentPostprocessing = 0;
		};
/* End PBXResourcesBuildPhase section */

/* Begin PBXSourcesBuildPhase section */
		76BD802D2CB02EC9007B143C /* Sources */ = {
			isa = PBXSourcesBuildPhase;
			buildActionMask = 2147483647;
			files = (
			);
			runOnlyForDeploymentPostprocessing = 0;
		};
/* End PBXSourcesBuildPhase section */

/* Begin XCBuildConfiguration section */
		76BD803D2CB02ECA007B143C /* Debug */ = {
			isa = XCBuildConfiguration;
			buildSettings = {
				ALWAYS_SEARCH_USER_PATHS = NO;
				ASSETCATALOG_COMPILER_GENERATE_SWIFT_ASSET_SYMBOL_EXTENSIONS = YES;
				CLANG_ANALYZER_LOCALIZABILITY_NONLOCALIZED = YES;
				CLANG_ANALYZER_NONNULL = YES;
				CLANG_ANALYZER_NUMBER_OBJECT_CONVERSION = YES_AGGRESSIVE;
				CLANG_CXX_LANGUAGE_STANDARD = "gnu++20";
				CLANG_ENABLE_MODULES = YES;
				CLANG_ENABLE_OBJC_ARC = YES;
				CLANG_ENABLE_OBJC_WEAK = YES;
				CLANG_WARN_BLOCK_CAPTURE_AUTORELEASING = YES;
				CLANG_WARN_BOOL_CONVERSION = YES;
				CLANG_WARN_COMMA = YES;
				CLANG_WARN_CONSTANT_CONVERSION = YES;
				CLANG_WARN_DEPRECATED_OBJC_IMPLEMENTATIONS = YES;
				CLANG_WARN_DIRECT_OBJC_ISA_USAGE = YES_ERROR;
				CLANG_WARN_DOCUMENTATION_COMMENTS = YES;
				CLANG_WARN_EMPTY_BODY = YES;
				CLANG_WARN_ENUM_CONVERSION = YES;
				CLANG_WARN_INFINITE_RECURSION = YES;
				CLANG_WARN_INT_CONVERSION = YES;
				CLANG_WARN_NON_LITERAL_NULL_CONVERSION = YES;
				CLANG_WARN_OBJC_IMPLICIT_RETAIN_SELF = YES;
				CLANG_WARN_OBJC_LITERAL_CONVERSION = YES;
				CLANG_WARN_OBJC_ROOT_CLASS = YES_ERROR;
				CLANG_WARN_QUOTED_INCLUDE_IN_FRAMEWORK_HEADER = YES;
				CLANG_WARN_RANGE_LOOP_ANALYSIS = YES;
				CLANG_WARN_STRICT_PROTOTYPES = YES;
				CLANG_WARN_SUSPICIOUS_MOVE = YES;
				CLANG_WARN_UNGUARDED_AVAILABILITY = YES_AGGRESSIVE;
				CLANG_WARN_UNREACHABLE_CODE = YES;
				CLANG_WARN__DUPLICATE_METHOD_MATCH = YES;
				COPY_PHASE_STRIP = NO;
				DEBUG_INFORMATION_FORMAT = dwarf;
				ENABLE_STRICT_OBJC_MSGSEND = YES;
				ENABLE_TESTABILITY = YES;
				ENABLE_USER_SCRIPT_SANDBOXING = YES;
				GCC_C_LANGUAGE_STANDARD = gnu17;
				GCC_DYNAMIC_NO_PIC = NO;
				GCC_NO_COMMON_BLOCKS = YES;
				GCC_OPTIMIZATION_LEVEL = 0;
				GCC_PREPROCESSOR_DEFINITIONS = (
					"DEBUG=1",
					"$(inherited)",
				);
				GCC_WARN_64_TO_32_BIT_CONVERSION = YES;
				GCC_WARN_ABOUT_RETURN_TYPE = YES_ERROR;
				GCC_WARN_UNDECLARED_SELECTOR = YES;
				GCC_WARN_UNINITIALIZED_AUTOS = YES_AGGRESSIVE;
				GCC_WARN_UNUSED_FUNCTION = YES;
				GCC_WARN_UNUSED_VARIABLE = YES;
				IPHONEOS_DEPLOYMENT_TARGET = 18.0;
				LOCALIZATION_PREFERS_STRING_CATALOGS = YES;
				MTL_ENABLE_DEBUG_INFO = INCLUDE_SOURCE;
				MTL_FAST_MATH = YES;
				ONLY_ACTIVE_ARCH = YES;
				SDKROOT = iphoneos;
				SWIFT_ACTIVE_COMPILATION_CONDITIONS = "DEBUG $(inherited)";
				SWIFT_OPTIMIZATION_LEVEL = "-Onone";
			};
			name = Debug;
		};
		76BD803E2CB02ECA007B143C /* Release */ = {
			isa = XCBuildConfiguration;
			buildSettings = {
				ALWAYS_SEARCH_USER_PATHS = NO;
				ASSETCATALOG_COMPILER_GENERATE_SWIFT_ASSET_SYMBOL_EXTENSIONS = YES;
				CLANG_ANALYZER_LOCALIZABILITY_NONLOCALIZED = YES;
				CLANG_ANALYZER_NONNULL = YES;
				CLANG_ANALYZER_NUMBER_OBJECT_CONVERSION = YES_AGGRESSIVE;
				CLANG_CXX_LANGUAGE_STANDARD = "gnu++20";
				CLANG_ENABLE_MODULES = YES;
				CLANG_ENABLE_OBJC_ARC = YES;
				CLANG_ENABLE_OBJC_WEAK = YES;
				CLANG_WARN_BLOCK_CAPTURE_AUTORELEASING = YES;
				CLANG_WARN_BOOL_CONVERSION = YES;
				CLANG_WARN_COMMA = YES;
				CLANG_WARN_CONSTANT_CONVERSION = YES;
				CLANG_WARN_DEPRECATED_OBJC_IMPLEMENTATIONS = YES;
				CLANG_WARN_DIRECT_OBJC_ISA_USAGE = YES_ERROR;
				CLANG_WARN_DOCUMENTATION_COMMENTS = YES;
				CLANG_WARN_EMPTY_BODY = YES;
				CLANG_WARN_ENUM_CONVERSION = YES;
				CLANG_WARN_INFINITE_RECURSION = YES;
				CLANG_WARN_INT_CONVERSION = YES;
				CLANG_WARN_NON_LITERAL_NULL_CONVERSION = YES;
				CLANG_WARN_OBJC_IMPLICIT_RETAIN_SELF = YES;
				CLANG_WARN_OBJC_LITERAL_CONVERSION = YES;
				CLANG_WARN_OBJC_ROOT_CLASS = YES_ERROR;
				CLANG_WARN_QUOTED_INCLUDE_IN_FRAMEWORK_HEADER = YES;
				CLANG_WARN_RANGE_LOOP_ANALYSIS = YES;
				CLANG_WARN_STRICT_PROTOTYPES = YES;
				CLANG_WARN_SUSPICIOUS_MOVE = YES;
				CLANG_WARN_UNGUARDED_AVAILABILITY = YES_AGGRESSIVE;
				CLANG_WARN_UNREACHABLE_CODE = YES;
				CLANG_WARN__DUPLICATE_METHOD_MATCH = YES;
				COPY_PHASE_STRIP = NO;
				DEBUG_INFORMATION_FORMAT = "dwarf-with-dsym";
				ENABLE_NS_ASSERTIONS = NO;
				ENABLE_STRICT_OBJC_MSGSEND = YES;
				ENABLE_USER_SCRIPT_SANDBOXING = YES;
				GCC_C_LANGUAGE_STANDARD = gnu17;
				GCC_NO_COMMON_BLOCKS = YES;
				GCC_WARN_64_TO_32_BIT_CONVERSION = YES;
				GCC_WARN_ABOUT_RETURN_TYPE = YES_ERROR;
				GCC_WARN_UNDECLARED_SELECTOR = YES;
				GCC_WARN_UNINITIALIZED_AUTOS = YES_AGGRESSIVE;
				GCC_WARN_UNUSED_FUNCTION = YES;
				GCC_WARN_UNUSED_VARIABLE = YES;
				IPHONEOS_DEPLOYMENT_TARGET = 18.0;
				LOCALIZATION_PREFERS_STRING_CATALOGS = YES;
				MTL_ENABLE_DEBUG_INFO = NO;
				MTL_FAST_MATH = YES;
				SDKROOT = iphoneos;
				SWIFT_COMPILATION_MODE = wholemodule;
				VALIDATE_PRODUCT = YES;
			};
			name = Release;
		};
		76BD80402CB02ECA007B143C /* Debug */ = {
			isa = XCBuildConfiguration;
			buildSettings = {
				ASSETCATALOG_COMPILER_APPICON_NAME = AppIcon;
				ASSETCATALOG_COMPILER_GLOBAL_ACCENT_COLOR_NAME = AccentColor;
				CODE_SIGN_ENTITLEMENTS = HobiWay/HobiWay.entitlements;
				CODE_SIGN_STYLE = Automatic;
				CURRENT_PROJECT_VERSION = 1;
				DEVELOPMENT_ASSET_PATHS = "\"HobiWay/Preview Content\"";
				DEVELOPMENT_TEAM = D4Y5MCC8CR;
				ENABLE_PREVIEWS = YES;
				GENERATE_INFOPLIST_FILE = YES;
				INFOPLIST_FILE = HobiWay/Info.plist;
				INFOPLIST_KEY_UIApplicationSceneManifest_Generation = YES;
				INFOPLIST_KEY_UIApplicationSupportsIndirectInputEvents = YES;
				INFOPLIST_KEY_UILaunchScreen_Generation = YES;
				INFOPLIST_KEY_UISupportedInterfaceOrientations_iPad = "UIInterfaceOrientationPortrait UIInterfaceOrientationPortraitUpsideDown UIInterfaceOrientationLandscapeLeft UIInterfaceOrientationLandscapeRight";
				INFOPLIST_KEY_UISupportedInterfaceOrientations_iPhone = "UIInterfaceOrientationPortrait UIInterfaceOrientationLandscapeLeft UIInterfaceOrientationLandscapeRight";
				LD_RUNPATH_SEARCH_PATHS = (
					"$(inherited)",
					"@executable_path/Frameworks",
				);
				MARKETING_VERSION = 1.0;
				PRODUCT_BUNDLE_IDENTIFIER = com.gkhkaya.HobiWay;
				PRODUCT_NAME = "$(TARGET_NAME)";
				SWIFT_EMIT_LOC_STRINGS = YES;
				SWIFT_VERSION = 5.0;
				TARGETED_DEVICE_FAMILY = "1,2";
			};
			name = Debug;
		};
		76BD80412CB02ECA007B143C /* Release */ = {
			isa = XCBuildConfiguration;
			buildSettings = {
				ASSETCATALOG_COMPILER_APPICON_NAME = AppIcon;
				ASSETCATALOG_COMPILER_GLOBAL_ACCENT_COLOR_NAME = AccentColor;
				CODE_SIGN_ENTITLEMENTS = HobiWay/HobiWay.entitlements;
				CODE_SIGN_STYLE = Automatic;
				CURRENT_PROJECT_VERSION = 1;
				DEVELOPMENT_ASSET_PATHS = "\"HobiWay/Preview Content\"";
				DEVELOPMENT_TEAM = D4Y5MCC8CR;
				ENABLE_PREVIEWS = YES;
				GENERATE_INFOPLIST_FILE = YES;
				INFOPLIST_FILE = HobiWay/Info.plist;
				INFOPLIST_KEY_UIApplicationSceneManifest_Generation = YES;
				INFOPLIST_KEY_UIApplicationSupportsIndirectInputEvents = YES;
				INFOPLIST_KEY_UILaunchScreen_Generation = YES;
				INFOPLIST_KEY_UISupportedInterfaceOrientations_iPad = "UIInterfaceOrientationPortrait UIInterfaceOrientationPortraitUpsideDown UIInterfaceOrientationLandscapeLeft UIInterfaceOrientationLandscapeRight";
				INFOPLIST_KEY_UISupportedInterfaceOrientations_iPhone = "UIInterfaceOrientationPortrait UIInterfaceOrientationLandscapeLeft UIInterfaceOrientationLandscapeRight";
				LD_RUNPATH_SEARCH_PATHS = (
					"$(inherited)",
					"@executable_path/Frameworks",
				);
				MARKETING_VERSION = 1.0;
				PRODUCT_BUNDLE_IDENTIFIER = com.gkhkaya.HobiWay;
				PRODUCT_NAME = "$(TARGET_NAME)";
				SWIFT_EMIT_LOC_STRINGS = YES;
				SWIFT_VERSION = 5.0;
				TARGETED_DEVICE_FAMILY = "1,2";
			};
			name = Release;
		};
/* End XCBuildConfiguration section */

/* Begin XCConfigurationList section */
		76BD802C2CB02EC9007B143C /* Build configuration list for PBXProject "HobiWay" */ = {
			isa = XCConfigurationList;
			buildConfigurations = (
				76BD803D2CB02ECA007B143C /* Debug */,
				76BD803E2CB02ECA007B143C /* Release */,
			);
			defaultConfigurationIsVisible = 0;
			defaultConfigurationName = Release;
		};
		76BD803F2CB02ECA007B143C /* Build configuration list for PBXNativeTarget "HobiWay" */ = {
			isa = XCConfigurationList;
			buildConfigurations = (
				76BD80402CB02ECA007B143C /* Debug */,
				76BD80412CB02ECA007B143C /* Release */,
			);
			defaultConfigurationIsVisible = 0;
			defaultConfigurationName = Release;
		};
/* End XCConfigurationList section */

/* Begin XCRemoteSwiftPackageReference section */
		762CADD02CBCEC5800F1557A /* XCRemoteSwiftPackageReference "GoogleSignIn-iOS" */ = {
			isa = XCRemoteSwiftPackageReference;
			repositoryURL = "https://github.com/google/GoogleSignIn-iOS.git";
			requirement = {
				kind = upToNextMajorVersion;
				minimumVersion = 8.0.0;
			};
		};
		769B03B82CF8534600AB2F82 /* XCRemoteSwiftPackageReference "generative-ai-swift" */ = {
			isa = XCRemoteSwiftPackageReference;
			repositoryURL = "https://github.com/google-gemini/generative-ai-swift";
			requirement = {
				kind = upToNextMajorVersion;
				minimumVersion = 0.5.6;
			};
		};
		76E65FD72CB55D8200CF1DD9 /* XCRemoteSwiftPackageReference "firebase-ios-sdk" */ = {
			isa = XCRemoteSwiftPackageReference;
			repositoryURL = "https://github.com/firebase/firebase-ios-sdk";
			requirement = {
				kind = upToNextMajorVersion;
				minimumVersion = 11.3.0;
			};
		};
/* End XCRemoteSwiftPackageReference section */

/* Begin XCSwiftPackageProductDependency section */
		762CADD12CBCEC5800F1557A /* GoogleSignIn */ = {
			isa = XCSwiftPackageProductDependency;
			package = 762CADD02CBCEC5800F1557A /* XCRemoteSwiftPackageReference "GoogleSignIn-iOS" */;
			productName = GoogleSignIn;
		};
		762CADD32CBCEC5800F1557A /* GoogleSignInSwift */ = {
			isa = XCSwiftPackageProductDependency;
			package = 762CADD02CBCEC5800F1557A /* XCRemoteSwiftPackageReference "GoogleSignIn-iOS" */;
			productName = GoogleSignInSwift;
		};
		769B03B92CF8534600AB2F82 /* GoogleGenerativeAI */ = {
			isa = XCSwiftPackageProductDependency;
			package = 769B03B82CF8534600AB2F82 /* XCRemoteSwiftPackageReference "generative-ai-swift" */;
			productName = GoogleGenerativeAI;
		};
		76D04AD02CBF052C001F35D1 /* FirebaseFirestore */ = {
			isa = XCSwiftPackageProductDependency;
			package = 76E65FD72CB55D8200CF1DD9 /* XCRemoteSwiftPackageReference "firebase-ios-sdk" */;
			productName = FirebaseFirestore;
		};
		76D04AD22CBF052C001F35D1 /* FirebaseFirestoreCombine-Community */ = {
			isa = XCSwiftPackageProductDependency;
			package = 76E65FD72CB55D8200CF1DD9 /* XCRemoteSwiftPackageReference "firebase-ios-sdk" */;
			productName = "FirebaseFirestoreCombine-Community";
		};
		76E65FD82CB55D8200CF1DD9 /* FirebaseAnalytics */ = {
			isa = XCSwiftPackageProductDependency;
			package = 76E65FD72CB55D8200CF1DD9 /* XCRemoteSwiftPackageReference "firebase-ios-sdk" */;
			productName = FirebaseAnalytics;
		};
		76E65FDA2CB55D8200CF1DD9 /* FirebaseAnalyticsOnDeviceConversion */ = {
			isa = XCSwiftPackageProductDependency;
			package = 76E65FD72CB55D8200CF1DD9 /* XCRemoteSwiftPackageReference "firebase-ios-sdk" */;
			productName = FirebaseAnalyticsOnDeviceConversion;
		};
		76E65FDC2CB55D8200CF1DD9 /* FirebaseAnalyticsWithoutAdIdSupport */ = {
			isa = XCSwiftPackageProductDependency;
			package = 76E65FD72CB55D8200CF1DD9 /* XCRemoteSwiftPackageReference "firebase-ios-sdk" */;
			productName = FirebaseAnalyticsWithoutAdIdSupport;
		};
		76E65FDF2CB5602500CF1DD9 /* FirebaseAuth */ = {
			isa = XCSwiftPackageProductDependency;
			package = 76E65FD72CB55D8200CF1DD9 /* XCRemoteSwiftPackageReference "firebase-ios-sdk" */;
			productName = FirebaseAuth;
		};
		76E65FE12CB5602500CF1DD9 /* FirebaseAuthCombine-Community */ = {
			isa = XCSwiftPackageProductDependency;
			package = 76E65FD72CB55D8200CF1DD9 /* XCRemoteSwiftPackageReference "firebase-ios-sdk" */;
			productName = "FirebaseAuthCombine-Community";
		};
/* End XCSwiftPackageProductDependency section */
	};
	rootObject = 76BD80292CB02EC9007B143C /* Project object */;
}
